
Microsoft Visual Studio Solution File, Format Version 12.00
# Visual Studio 15
VisualStudioVersion = 15.0.26124.0
MinimumVisualStudioVersion = 15.0.26124.0
Project("{2150E333-8FDC-42A3-9474-1A3956D46DE8}") = "src", "src", "{FDBDE736-DC39-4CC1-BBC6-3FB33B2F20B5}"
EndProject
Project("{FAE04EC0-301F-11D3-BF4B-00C04F79EFBC}") = "Alamut.AspNet", "src\Alamut.AspNet\Alamut.AspNet.csproj", "{C8378D5A-CD7C-410F-8547-7F380DD9E24B}"
EndProject
Project("{2150E333-8FDC-42A3-9474-1A3956D46DE8}") = "test", "test", "{7117AF02-542D-4DBC-9E38-04A2F074464C}"
EndProject
Project("{FAE04EC0-301F-11D3-BF4B-00C04F79EFBC}") = "Alamut.AspNet.Test", "test\Alamut.AspNet.Test\Alamut.AspNet.Test.csproj", "{AB681E3E-B2B7-4D11-93B6-E5439E3D0971}"
EndProject
Project("{FAE04EC0-301F-11D3-BF4B-00C04F79EFBC}") = "Alamut.Extensions.Caching", "src\Alamut.Extensions.Caching\Alamut.Extensions.Caching.csproj", "{ABA53735-D359-4A8F-A4E9-8610378ED22D}"
EndProject
Project("{FAE04EC0-301F-11D3-BF4B-00C04F79EFBC}") = "Alamut.Extensions.Caching.Test", "test\Alamut.Extensions.Caching.Test\Alamut.Extensions.Caching.Test.csproj", "{C65AC866-B6D1-4774-9D0D-296F238C7329}"
EndProject
Project("{FAE04EC0-301F-11D3-BF4B-00C04F79EFBC}") = "Alamut.Extensions.Session", "src\Alamut.Extensions.Session\Alamut.Extensions.Session.csproj", "{7B1740D5-C93A-4023-8C9A-A96DDB272D53}"
EndProject
Project("{FAE04EC0-301F-11D3-BF4B-00C04F79EFBC}") = "Alamut.Extensions.Session.Test", "test\Alamut.Extensions.Session.Test\Alamut.Extensions.Session.Test.csproj", "{80B4311F-7637-4FF4-A37A-5BA10C6F8976}"
EndProject
Project("{FAE04EC0-301F-11D3-BF4B-00C04F79EFBC}") = "Alamut.AspNet.Sut", "test\Alamut.AspNet.Sut\Alamut.AspNet.Sut.csproj", "{0C380804-CE1D-4682-990E-5B84D9FE7B71}"
EndProject
Global
	GlobalSection(SolutionConfigurationPlatforms) = preSolution
		Debug|Any CPU = Debug|Any CPU
		Debug|x64 = Debug|x64
		Debug|x86 = Debug|x86
		Release|Any CPU = Release|Any CPU
		Release|x64 = Release|x64
		Release|x86 = Release|x86
	EndGlobalSection
	GlobalSection(SolutionProperties) = preSolution
		HideSolutionNode = FALSE
	EndGlobalSection
	GlobalSection(ProjectConfigurationPlatforms) = postSolution
		{C8378D5A-CD7C-410F-8547-7F380DD9E24B}.Debug|Any CPU.ActiveCfg = Debug|Any CPU
		{C8378D5A-CD7C-410F-8547-7F380DD9E24B}.Debug|Any CPU.Build.0 = Debug|Any CPU
		{C8378D5A-CD7C-410F-8547-7F380DD9E24B}.Debug|x64.ActiveCfg = Debug|Any CPU
		{C8378D5A-CD7C-410F-8547-7F380DD9E24B}.Debug|x64.Build.0 = Debug|Any CPU
		{C8378D5A-CD7C-410F-8547-7F380DD9E24B}.Debug|x86.ActiveCfg = Debug|Any CPU
		{C8378D5A-CD7C-410F-8547-7F380DD9E24B}.Debug|x86.Build.0 = Debug|Any CPU
		{C8378D5A-CD7C-410F-8547-7F380DD9E24B}.Release|Any CPU.ActiveCfg = Release|Any CPU
		{C8378D5A-CD7C-410F-8547-7F380DD9E24B}.Release|Any CPU.Build.0 = Release|Any CPU
		{C8378D5A-CD7C-410F-8547-7F380DD9E24B}.Release|x64.ActiveCfg = Release|Any CPU
		{C8378D5A-CD7C-410F-8547-7F380DD9E24B}.Release|x64.Build.0 = Release|Any CPU
		{C8378D5A-CD7C-410F-8547-7F380DD9E24B}.Release|x86.ActiveCfg = Release|Any CPU
		{C8378D5A-CD7C-410F-8547-7F380DD9E24B}.Release|x86.Build.0 = Release|Any CPU
		{AB681E3E-B2B7-4D11-93B6-E5439E3D0971}.Debug|Any CPU.ActiveCfg = Debug|Any CPU
		{AB681E3E-B2B7-4D11-93B6-E5439E3D0971}.Debug|Any CPU.Build.0 = Debug|Any CPU
		{AB681E3E-B2B7-4D11-93B6-E5439E3D0971}.Debug|x64.ActiveCfg = Debug|Any CPU
		{AB681E3E-B2B7-4D11-93B6-E5439E3D0971}.Debug|x64.Build.0 = Debug|Any CPU
		{AB681E3E-B2B7-4D11-93B6-E5439E3D0971}.Debug|x86.ActiveCfg = Debug|Any CPU
		{AB681E3E-B2B7-4D11-93B6-E5439E3D0971}.Debug|x86.Build.0 = Debug|Any CPU
		{AB681E3E-B2B7-4D11-93B6-E5439E3D0971}.Release|Any CPU.ActiveCfg = Release|Any CPU
		{AB681E3E-B2B7-4D11-93B6-E5439E3D0971}.Release|Any CPU.Build.0 = Release|Any CPU
		{AB681E3E-B2B7-4D11-93B6-E5439E3D0971}.Release|x64.ActiveCfg = Release|Any CPU
		{AB681E3E-B2B7-4D11-93B6-E5439E3D0971}.Release|x64.Build.0 = Release|Any CPU
		{AB681E3E-B2B7-4D11-93B6-E5439E3D0971}.Release|x86.ActiveCfg = Release|Any CPU
		{AB681E3E-B2B7-4D11-93B6-E5439E3D0971}.Release|x86.Build.0 = Release|Any CPU
		{ABA53735-D359-4A8F-A4E9-8610378ED22D}.Debug|Any CPU.ActiveCfg = Debug|Any CPU
		{ABA53735-D359-4A8F-A4E9-8610378ED22D}.Debug|Any CPU.Build.0 = Debug|Any CPU
		{ABA53735-D359-4A8F-A4E9-8610378ED22D}.Debug|x64.ActiveCfg = Debug|Any CPU
		{ABA53735-D359-4A8F-A4E9-8610378ED22D}.Debug|x64.Build.0 = Debug|Any CPU
		{ABA53735-D359-4A8F-A4E9-8610378ED22D}.Debug|x86.ActiveCfg = Debug|Any CPU
		{ABA53735-D359-4A8F-A4E9-8610378ED22D}.Debug|x86.Build.0 = Debug|Any CPU
		{ABA53735-D359-4A8F-A4E9-8610378ED22D}.Release|Any CPU.ActiveCfg = Release|Any CPU
		{ABA53735-D359-4A8F-A4E9-8610378ED22D}.Release|Any CPU.Build.0 = Release|Any CPU
		{ABA53735-D359-4A8F-A4E9-8610378ED22D}.Release|x64.ActiveCfg = Release|Any CPU
		{ABA53735-D359-4A8F-A4E9-8610378ED22D}.Release|x64.Build.0 = Release|Any CPU
		{ABA53735-D359-4A8F-A4E9-8610378ED22D}.Release|x86.ActiveCfg = Release|Any CPU
		{ABA53735-D359-4A8F-A4E9-8610378ED22D}.Release|x86.Build.0 = Release|Any CPU
		{C65AC866-B6D1-4774-9D0D-296F238C7329}.Debug|Any CPU.ActiveCfg = Debug|Any CPU
		{C65AC866-B6D1-4774-9D0D-296F238C7329}.Debug|Any CPU.Build.0 = Debug|Any CPU
		{C65AC866-B6D1-4774-9D0D-296F238C7329}.Debug|x64.ActiveCfg = Debug|Any CPU
		{C65AC866-B6D1-4774-9D0D-296F238C7329}.Debug|x64.Build.0 = Debug|Any CPU
		{C65AC866-B6D1-4774-9D0D-296F238C7329}.Debug|x86.ActiveCfg = Debug|Any CPU
		{C65AC866-B6D1-4774-9D0D-296F238C7329}.Debug|x86.Build.0 = Debug|Any CPU
		{C65AC866-B6D1-4774-9D0D-296F238C7329}.Release|Any CPU.ActiveCfg = Release|Any CPU
		{C65AC866-B6D1-4774-9D0D-296F238C7329}.Release|Any CPU.Build.0 = Release|Any CPU
		{C65AC866-B6D1-4774-9D0D-296F238C7329}.Release|x64.ActiveCfg = Release|Any CPU
		{C65AC866-B6D1-4774-9D0D-296F238C7329}.Release|x64.Build.0 = Release|Any CPU
		{C65AC866-B6D1-4774-9D0D-296F238C7329}.Release|x86.ActiveCfg = Release|Any CPU
		{C65AC866-B6D1-4774-9D0D-296F238C7329}.Release|x86.Build.0 = Release|Any CPU
		{7B1740D5-C93A-4023-8C9A-A96DDB272D53}.Debug|Any CPU.ActiveCfg = Debug|Any CPU
		{7B1740D5-C93A-4023-8C9A-A96DDB272D53}.Debug|Any CPU.Build.0 = Debug|Any CPU
		{7B1740D5-C93A-4023-8C9A-A96DDB272D53}.Debug|x64.ActiveCfg = Debug|Any CPU
		{7B1740D5-C93A-4023-8C9A-A96DDB272D53}.Debug|x64.Build.0 = Debug|Any CPU
		{7B1740D5-C93A-4023-8C9A-A96DDB272D53}.Debug|x86.ActiveCfg = Debug|Any CPU
		{7B1740D5-C93A-4023-8C9A-A96DDB272D53}.Debug|x86.Build.0 = Debug|Any CPU
		{7B1740D5-C93A-4023-8C9A-A96DDB272D53}.Release|Any CPU.ActiveCfg = Release|Any CPU
		{7B1740D5-C93A-4023-8C9A-A96DDB272D53}.Release|Any CPU.Build.0 = Release|Any CPU
		{7B1740D5-C93A-4023-8C9A-A96DDB272D53}.Release|x64.ActiveCfg = Release|Any CPU
		{7B1740D5-C93A-4023-8C9A-A96DDB272D53}.Release|x64.Build.0 = Release|Any CPU
		{7B1740D5-C93A-4023-8C9A-A96DDB272D53}.Release|x86.ActiveCfg = Release|Any CPU
		{7B1740D5-C93A-4023-8C9A-A96DDB272D53}.Release|x86.Build.0 = Release|Any CPU
		{80B4311F-7637-4FF4-A37A-5BA10C6F8976}.Debug|Any CPU.ActiveCfg = Debug|Any CPU
		{80B4311F-7637-4FF4-A37A-5BA10C6F8976}.Debug|Any CPU.Build.0 = Debug|Any CPU
		{80B4311F-7637-4FF4-A37A-5BA10C6F8976}.Debug|x64.ActiveCfg = Debug|Any CPU
		{80B4311F-7637-4FF4-A37A-5BA10C6F8976}.Debug|x64.Build.0 = Debug|Any CPU
		{80B4311F-7637-4FF4-A37A-5BA10C6F8976}.Debug|x86.ActiveCfg = Debug|Any CPU
		{80B4311F-7637-4FF4-A37A-5BA10C6F8976}.Debug|x86.Build.0 = Debug|Any CPU
		{80B4311F-7637-4FF4-A37A-5BA10C6F8976}.Release|Any CPU.ActiveCfg = Release|Any CPU
		{80B4311F-7637-4FF4-A37A-5BA10C6F8976}.Release|Any CPU.Build.0 = Release|Any CPU
		{80B4311F-7637-4FF4-A37A-5BA10C6F8976}.Release|x64.ActiveCfg = Release|Any CPU
		{80B4311F-7637-4FF4-A37A-5BA10C6F8976}.Release|x64.Build.0 = Release|Any CPU
		{80B4311F-7637-4FF4-A37A-5BA10C6F8976}.Release|x86.ActiveCfg = Release|Any CPU
		{80B4311F-7637-4FF4-A37A-5BA10C6F8976}.Release|x86.Build.0 = Release|Any CPU
		{0C380804-CE1D-4682-990E-5B84D9FE7B71}.Debug|Any CPU.ActiveCfg = Debug|Any CPU
		{0C380804-CE1D-4682-990E-5B84D9FE7B71}.Debug|Any CPU.Build.0 = Debug|Any CPU
		{0C380804-CE1D-4682-990E-5B84D9FE7B71}.Debug|x64.ActiveCfg = Debug|Any CPU
		{0C380804-CE1D-4682-990E-5B84D9FE7B71}.Debug|x64.Build.0 = Debug|Any CPU
		{0C380804-CE1D-4682-990E-5B84D9FE7B71}.Debug|x86.ActiveCfg = Debug|Any CPU
		{0C380804-CE1D-4682-990E-5B84D9FE7B71}.Debug|x86.Build.0 = Debug|Any CPU
		{0C380804-CE1D-4682-990E-5B84D9FE7B71}.Release|Any CPU.ActiveCfg = Release|Any CPU
		{0C380804-CE1D-4682-990E-5B84D9FE7B71}.Release|Any CPU.Build.0 = Release|Any CPU
		{0C380804-CE1D-4682-990E-5B84D9FE7B71}.Release|x64.ActiveCfg = Release|Any CPU
		{0C380804-CE1D-4682-990E-5B84D9FE7B71}.Release|x64.Build.0 = Release|Any CPU
		{0C380804-CE1D-4682-990E-5B84D9FE7B71}.Release|x86.ActiveCfg = Release|Any CPU
		{0C380804-CE1D-4682-990E-5B84D9FE7B71}.Release|x86.Build.0 = Release|Any CPU
	EndGlobalSection
	GlobalSection(NestedProjects) = preSolution
		{C8378D5A-CD7C-410F-8547-7F380DD9E24B} = {FDBDE736-DC39-4CC1-BBC6-3FB33B2F20B5}
		{AB681E3E-B2B7-4D11-93B6-E5439E3D0971} = {7117AF02-542D-4DBC-9E38-04A2F074464C}
		{ABA53735-D359-4A8F-A4E9-8610378ED22D} = {FDBDE736-DC39-4CC1-BBC6-3FB33B2F20B5}
		{C65AC866-B6D1-4774-9D0D-296F238C7329} = {7117AF02-542D-4DBC-9E38-04A2F074464C}
		{7B1740D5-C93A-4023-8C9A-A96DDB272D53} = {FDBDE736-DC39-4CC1-BBC6-3FB33B2F20B5}
		{80B4311F-7637-4FF4-A37A-5BA10C6F8976} = {7117AF02-542D-4DBC-9E38-04A2F074464C}
		{0C380804-CE1D-4682-990E-5B84D9FE7B71} = {7117AF02-542D-4DBC-9E38-04A2F074464C}
	EndGlobalSection
EndGlobal
